{
    "api-platform/core": {
        "version": "3.1",
        "recipe": {
            "version": "3.1"
        }
    },
    "dama/doctrine-test-bundle": {
        "version": "v7.2.1"
    },
    "doctrine/doctrine-bundle": {
        "version": "2.10.2"
    },
    "doctrine/doctrine-migrations-bundle": {
        "version": "3.2.4"
    },
    "nelmio/cors-bundle": {
        "version": "2.3.1"
    },
    "phpunit/phpunit": {
        "version": "9.6",
        "recipe": {
            "version": "9.6"
        }
    },
    "symfony/console": {
        "version": "6.3",
        "recipe": {
            "version": "5.3"
        }
    },
    "symfony/flex": {
        "version": "2.3",
        "recipe": {
            "version": "1.0"
        }
    },
    "symfony/framework-bundle": {
        "version": "v6.3.4"
    },
    "symfony/maker-bundle": {
        "version": "v1.51.1"
    },
    "symfony/phpunit-bridge": {
        "version": "6.3",
        "recipe": {
            "version": "6.3"
        }
    },
    "symfony/routing": {
        "version": "6.3",
        "recipe": {
            "version": "6.2"
        }
    },
    "symfony/security-bundle": {
        "version": "v6.3.4"
    },
    "symfony/twig-bundle": {
        "version": "v6.3.0"
    },
    "symfony/validator": {
        "version": "6.3",
        "recipe": {
            "version": "5.3"
        }
    }
}
